
Microsoft Visual Studio Solution File, Format Version 12.00
# Visual Studio Version 17
VisualStudioVersion = 17.5.002.0
MinimumVisualStudioVersion = 10.0.40219.1
Project("{9A19103F-16F7-4668-BE54-9A1E7A4F7556}") = "PortfolioApp", "PortfolioApp.csproj", "{D5C430F6-3C57-489E-9063-50A39ED69C3A}"
EndProject
Global
	GlobalSection(SolutionConfigurationPlatforms) = preSolution
		Debug|Any CPU = Debug|Any CPU
		Release|Any CPU = Release|Any CPU
	EndGlobalSection
	GlobalSection(ProjectConfigurationPlatforms) = postSolution
		{D5C430F6-3C57-489E-9063-50A39ED69C3A}.Debug|Any CPU.ActiveCfg = Debug|Any CPU
		{D5C430F6-3C57-489E-9063-50A39ED69C3A}.Debug|Any CPU.Build.0 = Debug|Any CPU
		{D5C430F6-3C57-489E-9063-50A39ED69C3A}.Release|Any CPU.ActiveCfg = Release|Any CPU
		{D5C430F6-3C57-489E-9063-50A39ED69C3A}.Release|Any CPU.Build.0 = Release|Any CPU
	EndGlobalSection
	GlobalSection(SolutionProperties) = preSolution
		HideSolutionNode = FALSE
	EndGlobalSection
	GlobalSection(ExtensibilityGlobals) = postSolution
		SolutionGuid = {673F73B2-C393-4F36-8702-ED45BD95A8C8}
	EndGlobalSection
EndGlobal
